// !$*UTF8*$!
{
	archiveVersion = 1;
	classes = {
	};
	objectVersion = 50;
	objects = {

/* Begin PBXBuildFile section */
		486F6D201196F09BCC858DF7 /* Pods_U17Comic.framework in Frameworks */ = {isa = PBXBuildFile; fileRef = A854647273DA54D42E132776 /* Pods_U17Comic.framework */; };
		631238C82387B8510012FFC7 /* ArrayExtensions.swift in Sources */ = {isa = PBXBuildFile; fileRef = 631238C72387B8510012FFC7 /* ArrayExtensions.swift */; };
		631238D12387C9570012FFC7 /* UIViewExtension.swift in Sources */ = {isa = PBXBuildFile; fileRef = 631238C92387C9560012FFC7 /* UIViewExtension.swift */; };
		631238D22387C9570012FFC7 /* DispatchQueueExtension.swift in Sources */ = {isa = PBXBuildFile; fileRef = 631238CA2387C9560012FFC7 /* DispatchQueueExtension.swift */; };
		631238D32387C9570012FFC7 /* UIDeviceExtension.swift in Sources */ = {isa = PBXBuildFile; fileRef = 631238CB2387C9560012FFC7 /* UIDeviceExtension.swift */; };
		631238D42387C9570012FFC7 /* DictionaryExtension.swift in Sources */ = {isa = PBXBuildFile; fileRef = 631238CC2387C9560012FFC7 /* DictionaryExtension.swift */; };
		631238D52387C9570012FFC7 /* StringExtension.swift in Sources */ = {isa = PBXBuildFile; fileRef = 631238CD2387C9560012FFC7 /* StringExtension.swift */; };
		631238D62387C9570012FFC7 /* UIColorExtension.swift in Sources */ = {isa = PBXBuildFile; fileRef = 631238CE2387C9560012FFC7 /* UIColorExtension.swift */; };
		631238D72387C9570012FFC7 /* UIImageExtensions.swift in Sources */ = {isa = PBXBuildFile; fileRef = 631238CF2387C9570012FFC7 /* UIImageExtensions.swift */; };
		631238D82387C9570012FFC7 /* UIBarButtonItemExtension.swift in Sources */ = {isa = PBXBuildFile; fileRef = 631238D02387C9570012FFC7 /* UIBarButtonItemExtension.swift */; };
		631238DC2387C9C30012FFC7 /* UAPI.swift in Sources */ = {isa = PBXBuildFile; fileRef = 631238DB2387C9C30012FFC7 /* UAPI.swift */; };
		631238EB2387CA290012FFC7 /* UModel.swift in Sources */ = {isa = PBXBuildFile; fileRef = 631238EA2387CA290012FFC7 /* UModel.swift */; };
		631238F52387CD990012FFC7 /* UHomeViewController.swift in Sources */ = {isa = PBXBuildFile; fileRef = 631238F42387CD990012FFC7 /* UHomeViewController.swift */; };
		631238FB2387CE480012FFC7 /* UBaseCollectionReusableView.swift in Sources */ = {isa = PBXBuildFile; fileRef = 631238F72387CE480012FFC7 /* UBaseCollectionReusableView.swift */; };
		631238FC2387CE480012FFC7 /* UBaseTableViewHeaderFooterView.swift in Sources */ = {isa = PBXBuildFile; fileRef = 631238F82387CE480012FFC7 /* UBaseTableViewHeaderFooterView.swift */; };
		631238FD2387CE480012FFC7 /* UBaseTableViewCell.swift in Sources */ = {isa = PBXBuildFile; fileRef = 631238F92387CE480012FFC7 /* UBaseTableViewCell.swift */; };
		631238FE2387CE480012FFC7 /* UBaseCollectionViewCell.swift in Sources */ = {isa = PBXBuildFile; fileRef = 631238FA2387CE480012FFC7 /* UBaseCollectionViewCell.swift */; };
		631239052387CE730012FFC7 /* UBaseViewController.swift in Sources */ = {isa = PBXBuildFile; fileRef = 631239002387CE730012FFC7 /* UBaseViewController.swift */; };
		631239062387CE730012FFC7 /* UTabBarController.swift in Sources */ = {isa = PBXBuildFile; fileRef = 631239012387CE730012FFC7 /* UTabBarController.swift */; };
		631239072387CE730012FFC7 /* UPageViewController.swift in Sources */ = {isa = PBXBuildFile; fileRef = 631239022387CE730012FFC7 /* UPageViewController.swift */; };
		631239082387CE730012FFC7 /* UNavigationController.swift in Sources */ = {isa = PBXBuildFile; fileRef = 631239032387CE730012FFC7 /* UNavigationController.swift */; };
		631239092387CE730012FFC7 /* UWebViewController.swift in Sources */ = {isa = PBXBuildFile; fileRef = 631239042387CE730012FFC7 /* UWebViewController.swift */; };
		6312390C2387CEAF0012FFC7 /* URefresh.swift in Sources */ = {isa = PBXBuildFile; fileRef = 6312390B2387CEAF0012FFC7 /* URefresh.swift */; };
		631239102387CECB0012FFC7 /* UCollectionViewAlignedLayout.swift in Sources */ = {isa = PBXBuildFile; fileRef = 6312390E2387CECB0012FFC7 /* UCollectionViewAlignedLayout.swift */; };
		631239112387CECB0012FFC7 /* UCollectionViewSectionBackgroundLayout.swift in Sources */ = {isa = PBXBuildFile; fileRef = 6312390F2387CECB0012FFC7 /* UCollectionViewSectionBackgroundLayout.swift */; };
		631239142387CEE10012FFC7 /* UEmptyDataSet.swift in Sources */ = {isa = PBXBuildFile; fileRef = 631239132387CEE10012FFC7 /* UEmptyDataSet.swift */; };
		631239172387CEF80012FFC7 /* UHairPowder.swift in Sources */ = {isa = PBXBuildFile; fileRef = 631239162387CEF80012FFC7 /* UHairPowder.swift */; };
		6312391A2387CF100012FFC7 /* UNoticeBar.swift in Sources */ = {isa = PBXBuildFile; fileRef = 631239192387CF100012FFC7 /* UNoticeBar.swift */; };
		6312391F2387CF360012FFC7 /* UIScrollView+ParallaxHeader.swift in Sources */ = {isa = PBXBuildFile; fileRef = 6312391C2387CF360012FFC7 /* UIScrollView+ParallaxHeader.swift */; };
		631239202387CF360012FFC7 /* ParallaxHeader.swift in Sources */ = {isa = PBXBuildFile; fileRef = 6312391D2387CF360012FFC7 /* ParallaxHeader.swift */; };
		631239212387CF360012FFC7 /* ParallaxHeaderMode.swift in Sources */ = {isa = PBXBuildFile; fileRef = 6312391E2387CF360012FFC7 /* ParallaxHeaderMode.swift */; };
		631239232387D03A0012FFC7 /* USubscibeListViewController.swift in Sources */ = {isa = PBXBuildFile; fileRef = 631239222387D03A0012FFC7 /* USubscibeListViewController.swift */; };
		631239252387D0750012FFC7 /* UVIPListViewController.swift in Sources */ = {isa = PBXBuildFile; fileRef = 631239242387D0750012FFC7 /* UVIPListViewController.swift */; };
		631239272387D09C0012FFC7 /* UUpdateListViewController.swift in Sources */ = {isa = PBXBuildFile; fileRef = 631239262387D09C0012FFC7 /* UUpdateListViewController.swift */; };
		631239292387D0C20012FFC7 /* USpecialViewController.swift in Sources */ = {isa = PBXBuildFile; fileRef = 631239282387D0C20012FFC7 /* USpecialViewController.swift */; };
		6312392B2387D0E90012FFC7 /* UBoutiqueListViewController.swift in Sources */ = {isa = PBXBuildFile; fileRef = 6312392A2387D0E90012FFC7 /* UBoutiqueListViewController.swift */; };
		6312392D2387D10B0012FFC7 /* URankListViewController.swift in Sources */ = {isa = PBXBuildFile; fileRef = 6312392C2387D10B0012FFC7 /* URankListViewController.swift */; };
		631239312387D1960012FFC7 /* UCollectListViewController.swift in Sources */ = {isa = PBXBuildFile; fileRef = 631239302387D1960012FFC7 /* UCollectListViewController.swift */; };
		631239332387D1B60012FFC7 /* UBookViewController.swift in Sources */ = {isa = PBXBuildFile; fileRef = 631239322387D1B60012FFC7 /* UBookViewController.swift */; };
		631239352387D1DC0012FFC7 /* UDocumentListViewController.swift in Sources */ = {isa = PBXBuildFile; fileRef = 631239342387D1DC0012FFC7 /* UDocumentListViewController.swift */; };
		631239372387D1FA0012FFC7 /* UDownloadListViewController.swift in Sources */ = {isa = PBXBuildFile; fileRef = 631239362387D1FA0012FFC7 /* UDownloadListViewController.swift */; };
		6312393C2387D24A0012FFC7 /* UCateListViewController.swift in Sources */ = {isa = PBXBuildFile; fileRef = 6312393B2387D24A0012FFC7 /* UCateListViewController.swift */; };
		631239412387D28D0012FFC7 /* UComicViewController.swift in Sources */ = {isa = PBXBuildFile; fileRef = 631239402387D28D0012FFC7 /* UComicViewController.swift */; };
		631239442387D2B60012FFC7 /* UDetailViewController.swift in Sources */ = {isa = PBXBuildFile; fileRef = 631239432387D2B60012FFC7 /* UDetailViewController.swift */; };
		631239462387D2DE0012FFC7 /* UOtherWorksViewController.swift in Sources */ = {isa = PBXBuildFile; fileRef = 631239452387D2DE0012FFC7 /* UOtherWorksViewController.swift */; };
		631239482387D2F90012FFC7 /* UChapterViewController.swift in Sources */ = {isa = PBXBuildFile; fileRef = 631239472387D2F90012FFC7 /* UChapterViewController.swift */; };
		6312394A2387D3130012FFC7 /* UComicListViewController.swift in Sources */ = {isa = PBXBuildFile; fileRef = 631239492387D3130012FFC7 /* UComicListViewController.swift */; };
		6312394C2387D3340012FFC7 /* UReadViewController.swift in Sources */ = {isa = PBXBuildFile; fileRef = 6312394B2387D3340012FFC7 /* UReadViewController.swift */; };
		6312394E2387D3510012FFC7 /* UCommentViewController.swift in Sources */ = {isa = PBXBuildFile; fileRef = 6312394D2387D3510012FFC7 /* UCommentViewController.swift */; };
		631239532387D3970012FFC7 /* USettingViewController.swift in Sources */ = {isa = PBXBuildFile; fileRef = 631239522387D3970012FFC7 /* USettingViewController.swift */; };
		631239552387D3AE0012FFC7 /* UMineViewController.swift in Sources */ = {isa = PBXBuildFile; fileRef = 631239542387D3AE0012FFC7 /* UMineViewController.swift */; };
		6312395A2387D3EA0012FFC7 /* USearchViewController.swift in Sources */ = {isa = PBXBuildFile; fileRef = 631239592387D3EA0012FFC7 /* USearchViewController.swift */; };
		632FBC162351B8B300932B52 /* AppDelegate.swift in Sources */ = {isa = PBXBuildFile; fileRef = 632FBC152351B8B300932B52 /* AppDelegate.swift */; };
		632FBC182351B8B300932B52 /* SceneDelegate.swift in Sources */ = {isa = PBXBuildFile; fileRef = 632FBC172351B8B300932B52 /* SceneDelegate.swift */; };
		632FBC1F2351B8B500932B52 /* Assets.xcassets in Resources */ = {isa = PBXBuildFile; fileRef = 632FBC1E2351B8B500932B52 /* Assets.xcassets */; };
		632FBC222351B8B500932B52 /* LaunchScreen.storyboard in Resources */ = {isa = PBXBuildFile; fileRef = 632FBC202351B8B500932B52 /* LaunchScreen.storyboard */; };
		632FBC2D2351B8B500932B52 /* U17ComicTests.swift in Sources */ = {isa = PBXBuildFile; fileRef = 632FBC2C2351B8B500932B52 /* U17ComicTests.swift */; };
		632FBC382351B8B500932B52 /* U17ComicUITests.swift in Sources */ = {isa = PBXBuildFile; fileRef = 632FBC372351B8B500932B52 /* U17ComicUITests.swift */; };
		6369803B2355DE0D009DF9D4 /* Global.swift in Sources */ = {isa = PBXBuildFile; fileRef = 6369803A2355DE0D009DF9D4 /* Global.swift */; };
/* End PBXBuildFile section */

/* Begin PBXContainerItemProxy section */
		632FBC292351B8B500932B52 /* PBXContainerItemProxy */ = {
			isa = PBXContainerItemProxy;
			containerPortal = 632FBC0A2351B8B300932B52 /* Project object */;
			proxyType = 1;
			remoteGlobalIDString = 632FBC112351B8B300932B52;
			remoteInfo = U17Comic;
		};
		632FBC342351B8B500932B52 /* PBXContainerItemProxy */ = {
			isa = PBXContainerItemProxy;
			containerPortal = 632FBC0A2351B8B300932B52 /* Project object */;
			proxyType = 1;
			remoteGlobalIDString = 632FBC112351B8B300932B52;
			remoteInfo = U17Comic;
		};
/* End PBXContainerItemProxy section */

/* Begin PBXFileReference section */
		631238C72387B8510012FFC7 /* ArrayExtensions.swift */ = {isa = PBXFileReference; lastKnownFileType = sourcecode.swift; path = ArrayExtensions.swift; sourceTree = "<group>"; };
		631238C92387C9560012FFC7 /* UIViewExtension.swift */ = {isa = PBXFileReference; fileEncoding = 4; lastKnownFileType = sourcecode.swift; path = UIViewExtension.swift; sourceTree = "<group>"; };
		631238CA2387C9560012FFC7 /* DispatchQueueExtension.swift */ = {isa = PBXFileReference; fileEncoding = 4; lastKnownFileType = sourcecode.swift; path = DispatchQueueExtension.swift; sourceTree = "<group>"; };
		631238CB2387C9560012FFC7 /* UIDeviceExtension.swift */ = {isa = PBXFileReference; fileEncoding = 4; lastKnownFileType = sourcecode.swift; path = UIDeviceExtension.swift; sourceTree = "<group>"; };
		631238CC2387C9560012FFC7 /* DictionaryExtension.swift */ = {isa = PBXFileReference; fileEncoding = 4; lastKnownFileType = sourcecode.swift; path = DictionaryExtension.swift; sourceTree = "<group>"; };
		631238CD2387C9560012FFC7 /* StringExtension.swift */ = {isa = PBXFileReference; fileEncoding = 4; lastKnownFileType = sourcecode.swift; path = StringExtension.swift; sourceTree = "<group>"; };
		631238CE2387C9560012FFC7 /* UIColorExtension.swift */ = {isa = PBXFileReference; fileEncoding = 4; lastKnownFileType = sourcecode.swift; path = UIColorExtension.swift; sourceTree = "<group>"; };
		631238CF2387C9570012FFC7 /* UIImageExtensions.swift */ = {isa = PBXFileReference; fileEncoding = 4; lastKnownFileType = sourcecode.swift; path = UIImageExtensions.swift; sourceTree = "<group>"; };
		631238D02387C9570012FFC7 /* UIBarButtonItemExtension.swift */ = {isa = PBXFileReference; fileEncoding = 4; lastKnownFileType = sourcecode.swift; path = UIBarButtonItemExtension.swift; sourceTree = "<group>"; };
		631238DB2387C9C30012FFC7 /* UAPI.swift */ = {isa = PBXFileReference; fileEncoding = 4; lastKnownFileType = sourcecode.swift; path = UAPI.swift; sourceTree = "<group>"; };
		631238EA2387CA290012FFC7 /* UModel.swift */ = {isa = PBXFileReference; fileEncoding = 4; lastKnownFileType = sourcecode.swift; path = UModel.swift; sourceTree = "<group>"; };
		631238F42387CD990012FFC7 /* UHomeViewController.swift */ = {isa = PBXFileReference; lastKnownFileType = sourcecode.swift; path = UHomeViewController.swift; sourceTree = "<group>"; };
		631238F72387CE480012FFC7 /* UBaseCollectionReusableView.swift */ = {isa = PBXFileReference; fileEncoding = 4; lastKnownFileType = sourcecode.swift; path = UBaseCollectionReusableView.swift; sourceTree = "<group>"; };
		631238F82387CE480012FFC7 /* UBaseTableViewHeaderFooterView.swift */ = {isa = PBXFileReference; fileEncoding = 4; lastKnownFileType = sourcecode.swift; path = UBaseTableViewHeaderFooterView.swift; sourceTree = "<group>"; };
		631238F92387CE480012FFC7 /* UBaseTableViewCell.swift */ = {isa = PBXFileReference; fileEncoding = 4; lastKnownFileType = sourcecode.swift; path = UBaseTableViewCell.swift; sourceTree = "<group>"; };
		631238FA2387CE480012FFC7 /* UBaseCollectionViewCell.swift */ = {isa = PBXFileReference; fileEncoding = 4; lastKnownFileType = sourcecode.swift; path = UBaseCollectionViewCell.swift; sourceTree = "<group>"; };
		631239002387CE730012FFC7 /* UBaseViewController.swift */ = {isa = PBXFileReference; fileEncoding = 4; lastKnownFileType = sourcecode.swift; path = UBaseViewController.swift; sourceTree = "<group>"; };
		631239012387CE730012FFC7 /* UTabBarController.swift */ = {isa = PBXFileReference; fileEncoding = 4; lastKnownFileType = sourcecode.swift; path = UTabBarController.swift; sourceTree = "<group>"; };
		631239022387CE730012FFC7 /* UPageViewController.swift */ = {isa = PBXFileReference; fileEncoding = 4; lastKnownFileType = sourcecode.swift; path = UPageViewController.swift; sourceTree = "<group>"; };
		631239032387CE730012FFC7 /* UNavigationController.swift */ = {isa = PBXFileReference; fileEncoding = 4; lastKnownFileType = sourcecode.swift; path = UNavigationController.swift; sourceTree = "<group>"; };
		631239042387CE730012FFC7 /* UWebViewController.swift */ = {isa = PBXFileReference; fileEncoding = 4; lastKnownFileType = sourcecode.swift; path = UWebViewController.swift; sourceTree = "<group>"; };
		6312390B2387CEAF0012FFC7 /* URefresh.swift */ = {isa = PBXFileReference; fileEncoding = 4; lastKnownFileType = sourcecode.swift; path = URefresh.swift; sourceTree = "<group>"; };
		6312390E2387CECB0012FFC7 /* UCollectionViewAlignedLayout.swift */ = {isa = PBXFileReference; fileEncoding = 4; lastKnownFileType = sourcecode.swift; path = UCollectionViewAlignedLayout.swift; sourceTree = "<group>"; };
		6312390F2387CECB0012FFC7 /* UCollectionViewSectionBackgroundLayout.swift */ = {isa = PBXFileReference; fileEncoding = 4; lastKnownFileType = sourcecode.swift; path = UCollectionViewSectionBackgroundLayout.swift; sourceTree = "<group>"; };
		631239132387CEE10012FFC7 /* UEmptyDataSet.swift */ = {isa = PBXFileReference; fileEncoding = 4; lastKnownFileType = sourcecode.swift; path = UEmptyDataSet.swift; sourceTree = "<group>"; };
		631239162387CEF80012FFC7 /* UHairPowder.swift */ = {isa = PBXFileReference; fileEncoding = 4; lastKnownFileType = sourcecode.swift; path = UHairPowder.swift; sourceTree = "<group>"; };
		631239192387CF100012FFC7 /* UNoticeBar.swift */ = {isa = PBXFileReference; fileEncoding = 4; lastKnownFileType = sourcecode.swift; path = UNoticeBar.swift; sourceTree = "<group>"; };
		6312391C2387CF360012FFC7 /* UIScrollView+ParallaxHeader.swift */ = {isa = PBXFileReference; fileEncoding = 4; lastKnownFileType = sourcecode.swift; path = "UIScrollView+ParallaxHeader.swift"; sourceTree = "<group>"; };
		6312391D2387CF360012FFC7 /* ParallaxHeader.swift */ = {isa = PBXFileReference; fileEncoding = 4; lastKnownFileType = sourcecode.swift; path = ParallaxHeader.swift; sourceTree = "<group>"; };
		6312391E2387CF360012FFC7 /* ParallaxHeaderMode.swift */ = {isa = PBXFileReference; fileEncoding = 4; lastKnownFileType = sourcecode.swift; path = ParallaxHeaderMode.swift; sourceTree = "<group>"; };
		631239222387D03A0012FFC7 /* USubscibeListViewController.swift */ = {isa = PBXFileReference; lastKnownFileType = sourcecode.swift; path = USubscibeListViewController.swift; sourceTree = "<group>"; };
		631239242387D0750012FFC7 /* UVIPListViewController.swift */ = {isa = PBXFileReference; lastKnownFileType = sourcecode.swift; path = UVIPListViewController.swift; sourceTree = "<group>"; };
		631239262387D09C0012FFC7 /* UUpdateListViewController.swift */ = {isa = PBXFileReference; lastKnownFileType = sourcecode.swift; path = UUpdateListViewController.swift; sourceTree = "<group>"; };
		631239282387D0C20012FFC7 /* USpecialViewController.swift */ = {isa = PBXFileReference; lastKnownFileType = sourcecode.swift; path = USpecialViewController.swift; sourceTree = "<group>"; };
		6312392A2387D0E90012FFC7 /* UBoutiqueListViewController.swift */ = {isa = PBXFileReference; lastKnownFileType = sourcecode.swift; path = UBoutiqueListViewController.swift; sourceTree = "<group>"; };
		6312392C2387D10B0012FFC7 /* URankListViewController.swift */ = {isa = PBXFileReference; lastKnownFileType = sourcecode.swift; path = URankListViewController.swift; sourceTree = "<group>"; };
		631239302387D1960012FFC7 /* UCollectListViewController.swift */ = {isa = PBXFileReference; lastKnownFileType = sourcecode.swift; path = UCollectListViewController.swift; sourceTree = "<group>"; };
		631239322387D1B60012FFC7 /* UBookViewController.swift */ = {isa = PBXFileReference; lastKnownFileType = sourcecode.swift; path = UBookViewController.swift; sourceTree = "<group>"; };
		631239342387D1DC0012FFC7 /* UDocumentListViewController.swift */ = {isa = PBXFileReference; lastKnownFileType = sourcecode.swift; path = UDocumentListViewController.swift; sourceTree = "<group>"; };
		631239362387D1FA0012FFC7 /* UDownloadListViewController.swift */ = {isa = PBXFileReference; lastKnownFileType = sourcecode.swift; path = UDownloadListViewController.swift; sourceTree = "<group>"; };
		6312393B2387D24A0012FFC7 /* UCateListViewController.swift */ = {isa = PBXFileReference; lastKnownFileType = sourcecode.swift; path = UCateListViewController.swift; sourceTree = "<group>"; };
		631239402387D28D0012FFC7 /* UComicViewController.swift */ = {isa = PBXFileReference; lastKnownFileType = sourcecode.swift; path = UComicViewController.swift; sourceTree = "<group>"; };
		631239432387D2B60012FFC7 /* UDetailViewController.swift */ = {isa = PBXFileReference; lastKnownFileType = sourcecode.swift; path = UDetailViewController.swift; sourceTree = "<group>"; };
		631239452387D2DE0012FFC7 /* UOtherWorksViewController.swift */ = {isa = PBXFileReference; lastKnownFileType = sourcecode.swift; path = UOtherWorksViewController.swift; sourceTree = "<group>"; };
		631239472387D2F90012FFC7 /* UChapterViewController.swift */ = {isa = PBXFileReference; lastKnownFileType = sourcecode.swift; path = UChapterViewController.swift; sourceTree = "<group>"; };
		631239492387D3130012FFC7 /* UComicListViewController.swift */ = {isa = PBXFileReference; lastKnownFileType = sourcecode.swift; path = UComicListViewController.swift; sourceTree = "<group>"; };
		6312394B2387D3340012FFC7 /* UReadViewController.swift */ = {isa = PBXFileReference; lastKnownFileType = sourcecode.swift; path = UReadViewController.swift; sourceTree = "<group>"; };
		6312394D2387D3510012FFC7 /* UCommentViewController.swift */ = {isa = PBXFileReference; lastKnownFileType = sourcecode.swift; path = UCommentViewController.swift; sourceTree = "<group>"; };
		631239522387D3970012FFC7 /* USettingViewController.swift */ = {isa = PBXFileReference; lastKnownFileType = sourcecode.swift; path = USettingViewController.swift; sourceTree = "<group>"; };
		631239542387D3AE0012FFC7 /* UMineViewController.swift */ = {isa = PBXFileReference; lastKnownFileType = sourcecode.swift; path = UMineViewController.swift; sourceTree = "<group>"; };
		631239592387D3EA0012FFC7 /* USearchViewController.swift */ = {isa = PBXFileReference; lastKnownFileType = sourcecode.swift; path = USearchViewController.swift; sourceTree = "<group>"; };
		632FBC122351B8B300932B52 /* U17Comic.app */ = {isa = PBXFileReference; explicitFileType = wrapper.application; includeInIndex = 0; path = U17Comic.app; sourceTree = BUILT_PRODUCTS_DIR; };
		632FBC152351B8B300932B52 /* AppDelegate.swift */ = {isa = PBXFileReference; lastKnownFileType = sourcecode.swift; path = AppDelegate.swift; sourceTree = "<group>"; };
		632FBC172351B8B300932B52 /* SceneDelegate.swift */ = {isa = PBXFileReference; lastKnownFileType = sourcecode.swift; path = SceneDelegate.swift; sourceTree = "<group>"; };
		632FBC1E2351B8B500932B52 /* Assets.xcassets */ = {isa = PBXFileReference; lastKnownFileType = folder.assetcatalog; path = Assets.xcassets; sourceTree = "<group>"; };
		632FBC212351B8B500932B52 /* Base */ = {isa = PBXFileReference; lastKnownFileType = file.storyboard; name = Base; path = Base.lproj/LaunchScreen.storyboard; sourceTree = "<group>"; };
		632FBC232351B8B500932B52 /* Info.plist */ = {isa = PBXFileReference; lastKnownFileType = text.plist.xml; path = Info.plist; sourceTree = "<group>"; };
		632FBC282351B8B500932B52 /* U17ComicTests.xctest */ = {isa = PBXFileReference; explicitFileType = wrapper.cfbundle; includeInIndex = 0; path = U17ComicTests.xctest; sourceTree = BUILT_PRODUCTS_DIR; };
		632FBC2C2351B8B500932B52 /* U17ComicTests.swift */ = {isa = PBXFileReference; lastKnownFileType = sourcecode.swift; path = U17ComicTests.swift; sourceTree = "<group>"; };
		632FBC2E2351B8B500932B52 /* Info.plist */ = {isa = PBXFileReference; lastKnownFileType = text.plist.xml; path = Info.plist; sourceTree = "<group>"; };
		632FBC332351B8B500932B52 /* U17ComicUITests.xctest */ = {isa = PBXFileReference; explicitFileType = wrapper.cfbundle; includeInIndex = 0; path = U17ComicUITests.xctest; sourceTree = BUILT_PRODUCTS_DIR; };
		632FBC372351B8B500932B52 /* U17ComicUITests.swift */ = {isa = PBXFileReference; lastKnownFileType = sourcecode.swift; path = U17ComicUITests.swift; sourceTree = "<group>"; };
		632FBC392351B8B500932B52 /* Info.plist */ = {isa = PBXFileReference; lastKnownFileType = text.plist.xml; path = Info.plist; sourceTree = "<group>"; };
		6369803A2355DE0D009DF9D4 /* Global.swift */ = {isa = PBXFileReference; lastKnownFileType = sourcecode.swift; path = Global.swift; sourceTree = "<group>"; };
		7CB73615CDAEE23900E15FDD /* Pods-U17Comic.debug.xcconfig */ = {isa = PBXFileReference; includeInIndex = 1; lastKnownFileType = text.xcconfig; name = "Pods-U17Comic.debug.xcconfig"; path = "Pods/Target Support Files/Pods-U17Comic/Pods-U17Comic.debug.xcconfig"; sourceTree = "<group>"; };
		A854647273DA54D42E132776 /* Pods_U17Comic.framework */ = {isa = PBXFileReference; explicitFileType = wrapper.framework; includeInIndex = 0; path = Pods_U17Comic.framework; sourceTree = BUILT_PRODUCTS_DIR; };
		B620C3141DE10C0415216446 /* Pods-U17Comic.release.xcconfig */ = {isa = PBXFileReference; includeInIndex = 1; lastKnownFileType = text.xcconfig; name = "Pods-U17Comic.release.xcconfig"; path = "Pods/Target Support Files/Pods-U17Comic/Pods-U17Comic.release.xcconfig"; sourceTree = "<group>"; };
/* End PBXFileReference section */

/* Begin PBXFrameworksBuildPhase section */
		632FBC0F2351B8B300932B52 /* Frameworks */ = {
			isa = PBXFrameworksBuildPhase;
			buildActionMask = 2147483647;
			files = (
				486F6D201196F09BCC858DF7 /* Pods_U17Comic.framework in Frameworks */,
			);
			runOnlyForDeploymentPostprocessing = 0;
		};
		632FBC252351B8B500932B52 /* Frameworks */ = {
			isa = PBXFrameworksBuildPhase;
			buildActionMask = 2147483647;
			files = (
			);
			runOnlyForDeploymentPostprocessing = 0;
		};
		632FBC302351B8B500932B52 /* Frameworks */ = {
			isa = PBXFrameworksBuildPhase;
			buildActionMask = 2147483647;
			files = (
			);
			runOnlyForDeploymentPostprocessing = 0;
		};
/* End PBXFrameworksBuildPhase section */

/* Begin PBXGroup section */
		631238C62387B8040012FFC7 /* Extension */ = {
			isa = PBXGroup;
			children = (
				631238C72387B8510012FFC7 /* ArrayExtensions.swift */,
				631238CC2387C9560012FFC7 /* DictionaryExtension.swift */,
				631238CA2387C9560012FFC7 /* DispatchQueueExtension.swift */,
				631238CD2387C9560012FFC7 /* StringExtension.swift */,
				631238D02387C9570012FFC7 /* UIBarButtonItemExtension.swift */,
				631238CE2387C9560012FFC7 /* UIColorExtension.swift */,
				631238CB2387C9560012FFC7 /* UIDeviceExtension.swift */,
				631238CF2387C9570012FFC7 /* UIImageExtensions.swift */,
				631238C92387C9560012FFC7 /* UIViewExtension.swift */,
			);
			path = Extension;
			sourceTree = "<group>";
		};
		631238D92387C99E0012FFC7 /* API */ = {
			isa = PBXGroup;
			children = (
				631238DB2387C9C30012FFC7 /* UAPI.swift */,
			);
			path = API;
			sourceTree = "<group>";
		};
		631238DA2387C9AA0012FFC7 /* Component */ = {
			isa = PBXGroup;
			children = (
				6312391B2387CF300012FFC7 /* ParallaxHeader */,
				631239182387CF0C0012FFC7 /* NoticeBar */,
				631239152387CEF30012FFC7 /* HairPowder */,
				631239122387CEDC0012FFC7 /* EmptyDataSet */,
				6312390D2387CEC60012FFC7 /* CollectionViewLayout */,
				6312390A2387CEAA0012FFC7 /* Refresh */,
			);
			path = Component;
			sourceTree = "<group>";
		};
		631238E92387CA000012FFC7 /* Model */ = {
			isa = PBXGroup;
			children = (
				631238EA2387CA290012FFC7 /* UModel.swift */,
			);
			path = Model;
			sourceTree = "<group>";
		};
		631238EC2387CC440012FFC7 /* Base */ = {
			isa = PBXGroup;
			children = (
				631238FF2387CE640012FFC7 /* ViewController */,
				631238F62387CE380012FFC7 /* View */,
			);
			path = Base;
			sourceTree = "<group>";
		};
		631238F12387CD570012FFC7 /* Home */ = {
			isa = PBXGroup;
			children = (
				631238F32387CD740012FFC7 /* ViewController */,
				631238F22387CD660012FFC7 /* View */,
			);
			path = Home;
			sourceTree = "<group>";
		};
		631238F22387CD660012FFC7 /* View */ = {
			isa = PBXGroup;
			children = (
			);
			path = View;
			sourceTree = "<group>";
		};
		631238F32387CD740012FFC7 /* ViewController */ = {
			isa = PBXGroup;
			children = (
				631238F42387CD990012FFC7 /* UHomeViewController.swift */,
				631239222387D03A0012FFC7 /* USubscibeListViewController.swift */,
				631239242387D0750012FFC7 /* UVIPListViewController.swift */,
				631239262387D09C0012FFC7 /* UUpdateListViewController.swift */,
				631239282387D0C20012FFC7 /* USpecialViewController.swift */,
				6312392A2387D0E90012FFC7 /* UBoutiqueListViewController.swift */,
				6312392C2387D10B0012FFC7 /* URankListViewController.swift */,
			);
			path = ViewController;
			sourceTree = "<group>";
		};
		631238F62387CE380012FFC7 /* View */ = {
			isa = PBXGroup;
			children = (
				631238F72387CE480012FFC7 /* UBaseCollectionReusableView.swift */,
				631238FA2387CE480012FFC7 /* UBaseCollectionViewCell.swift */,
				631238F92387CE480012FFC7 /* UBaseTableViewCell.swift */,
				631238F82387CE480012FFC7 /* UBaseTableViewHeaderFooterView.swift */,
			);
			path = View;
			sourceTree = "<group>";
		};
		631238FF2387CE640012FFC7 /* ViewController */ = {
			isa = PBXGroup;
			children = (
				631239002387CE730012FFC7 /* UBaseViewController.swift */,
				631239032387CE730012FFC7 /* UNavigationController.swift */,
				631239022387CE730012FFC7 /* UPageViewController.swift */,
				631239012387CE730012FFC7 /* UTabBarController.swift */,
				631239042387CE730012FFC7 /* UWebViewController.swift */,
			);
			path = ViewController;
			sourceTree = "<group>";
		};
		6312390A2387CEAA0012FFC7 /* Refresh */ = {
			isa = PBXGroup;
			children = (
				6312390B2387CEAF0012FFC7 /* URefresh.swift */,
			);
			path = Refresh;
			sourceTree = "<group>";
		};
		6312390D2387CEC60012FFC7 /* CollectionViewLayout */ = {
			isa = PBXGroup;
			children = (
				6312390E2387CECB0012FFC7 /* UCollectionViewAlignedLayout.swift */,
				6312390F2387CECB0012FFC7 /* UCollectionViewSectionBackgroundLayout.swift */,
			);
			path = CollectionViewLayout;
			sourceTree = "<group>";
		};
		631239122387CEDC0012FFC7 /* EmptyDataSet */ = {
			isa = PBXGroup;
			children = (
				631239132387CEE10012FFC7 /* UEmptyDataSet.swift */,
			);
			path = EmptyDataSet;
			sourceTree = "<group>";
		};
		631239152387CEF30012FFC7 /* HairPowder */ = {
			isa = PBXGroup;
			children = (
				631239162387CEF80012FFC7 /* UHairPowder.swift */,
			);
			path = HairPowder;
			sourceTree = "<group>";
		};
		631239182387CF0C0012FFC7 /* NoticeBar */ = {
			isa = PBXGroup;
			children = (
				631239192387CF100012FFC7 /* UNoticeBar.swift */,
			);
			path = NoticeBar;
			sourceTree = "<group>";
		};
		6312391B2387CF300012FFC7 /* ParallaxHeader */ = {
			isa = PBXGroup;
			children = (
				6312391D2387CF360012FFC7 /* ParallaxHeader.swift */,
				6312391E2387CF360012FFC7 /* ParallaxHeaderMode.swift */,
				6312391C2387CF360012FFC7 /* UIScrollView+ParallaxHeader.swift */,
			);
			path = ParallaxHeader;
			sourceTree = "<group>";
		};
		6312392E2387D16E0012FFC7 /* Book */ = {
			isa = PBXGroup;
			children = (
				6312392F2387D17A0012FFC7 /* VIewController */,
			);
			path = Book;
			sourceTree = "<group>";
		};
		6312392F2387D17A0012FFC7 /* VIewController */ = {
			isa = PBXGroup;
			children = (
				631239302387D1960012FFC7 /* UCollectListViewController.swift */,
				631239322387D1B60012FFC7 /* UBookViewController.swift */,
				631239342387D1DC0012FFC7 /* UDocumentListViewController.swift */,
				631239362387D1FA0012FFC7 /* UDownloadListViewController.swift */,
			);
			path = VIewController;
			sourceTree = "<group>";
		};
		631239382387D2140012FFC7 /* Cate */ = {
			isa = PBXGroup;
			children = (
				6312393A2387D2360012FFC7 /* ViewController */,
				631239392387D22F0012FFC7 /* View */,
			);
			path = Cate;
			sourceTree = "<group>";
		};
		631239392387D22F0012FFC7 /* View */ = {
			isa = PBXGroup;
			children = (
			);
			path = View;
			sourceTree = "<group>";
		};
		6312393A2387D2360012FFC7 /* ViewController */ = {
			isa = PBXGroup;
			children = (
				6312393B2387D24A0012FFC7 /* UCateListViewController.swift */,
			);
			path = ViewController;
			sourceTree = "<group>";
		};
		6312393D2387D2650012FFC7 /* Comic */ = {
			isa = PBXGroup;
			children = (
				6312393F2387D2740012FFC7 /* ViewController */,
				6312393E2387D2700012FFC7 /* VIew */,
			);
			path = Comic;
			sourceTree = "<group>";
		};
		6312393E2387D2700012FFC7 /* VIew */ = {
			isa = PBXGroup;
			children = (
			);
			path = VIew;
			sourceTree = "<group>";
		};
		6312393F2387D2740012FFC7 /* ViewController */ = {
			isa = PBXGroup;
			children = (
				631239402387D28D0012FFC7 /* UComicViewController.swift */,
				631239432387D2B60012FFC7 /* UDetailViewController.swift */,
				631239452387D2DE0012FFC7 /* UOtherWorksViewController.swift */,
				631239472387D2F90012FFC7 /* UChapterViewController.swift */,
				631239492387D3130012FFC7 /* UComicListViewController.swift */,
				6312394B2387D3340012FFC7 /* UReadViewController.swift */,
				6312394D2387D3510012FFC7 /* UCommentViewController.swift */,
			);
			path = ViewController;
			sourceTree = "<group>";
		};
		6312394F2387D3720012FFC7 /* Mine */ = {
			isa = PBXGroup;
			children = (
				631239512387D37E0012FFC7 /* ViewController */,
				631239502387D3790012FFC7 /* View */,
			);
			path = Mine;
			sourceTree = "<group>";
		};
		631239502387D3790012FFC7 /* View */ = {
			isa = PBXGroup;
			children = (
			);
			path = View;
			sourceTree = "<group>";
		};
		631239512387D37E0012FFC7 /* ViewController */ = {
			isa = PBXGroup;
			children = (
				631239522387D3970012FFC7 /* USettingViewController.swift */,
				631239542387D3AE0012FFC7 /* UMineViewController.swift */,
			);
			path = ViewController;
			sourceTree = "<group>";
		};
		631239562387D3C50012FFC7 /* Search */ = {
			isa = PBXGroup;
			children = (
				631239582387D3D90012FFC7 /* ViewController */,
				631239572387D3CE0012FFC7 /* VIew */,
			);
			path = Search;
			sourceTree = "<group>";
		};
		631239572387D3CE0012FFC7 /* VIew */ = {
			isa = PBXGroup;
			children = (
			);
			path = VIew;
			sourceTree = "<group>";
		};
		631239582387D3D90012FFC7 /* ViewController */ = {
			isa = PBXGroup;
			children = (
				631239592387D3EA0012FFC7 /* USearchViewController.swift */,
			);
			path = ViewController;
			sourceTree = "<group>";
		};
		632FBC092351B8B300932B52 = {
			isa = PBXGroup;
			children = (
				632FBC142351B8B300932B52 /* U17Comic */,
				632FBC2B2351B8B500932B52 /* U17ComicTests */,
				632FBC362351B8B500932B52 /* U17ComicUITests */,
				632FBC132351B8B300932B52 /* Products */,
				C71CC532671F48ABAA6BA89D /* Pods */,
				756EC9982EDF39F391DFE371 /* Frameworks */,
			);
			sourceTree = "<group>";
		};
		632FBC132351B8B300932B52 /* Products */ = {
			isa = PBXGroup;
			children = (
				632FBC122351B8B300932B52 /* U17Comic.app */,
				632FBC282351B8B500932B52 /* U17ComicTests.xctest */,
				632FBC332351B8B500932B52 /* U17ComicUITests.xctest */,
			);
			name = Products;
			sourceTree = "<group>";
		};
		632FBC142351B8B300932B52 /* U17Comic */ = {
			isa = PBXGroup;
			children = (
				631238E92387CA000012FFC7 /* Model */,
				631238DA2387C9AA0012FFC7 /* Component */,
				631238D92387C99E0012FFC7 /* API */,
				631238C62387B8040012FFC7 /* Extension */,
				636980392355DDE1009DF9D4 /* Procedure */,
				632FBC172351B8B300932B52 /* SceneDelegate.swift */,
				632FBC1E2351B8B500932B52 /* Assets.xcassets */,
				632FBC202351B8B500932B52 /* LaunchScreen.storyboard */,
				632FBC232351B8B500932B52 /* Info.plist */,
			);
			path = U17Comic;
			sourceTree = "<group>";
		};
		632FBC2B2351B8B500932B52 /* U17ComicTests */ = {
			isa = PBXGroup;
			children = (
				632FBC2C2351B8B500932B52 /* U17ComicTests.swift */,
				632FBC2E2351B8B500932B52 /* Info.plist */,
			);
			path = U17ComicTests;
			sourceTree = "<group>";
		};
		632FBC362351B8B500932B52 /* U17ComicUITests */ = {
			isa = PBXGroup;
			children = (
				632FBC372351B8B500932B52 /* U17ComicUITests.swift */,
				632FBC392351B8B500932B52 /* Info.plist */,
			);
			path = U17ComicUITests;
			sourceTree = "<group>";
		};
		636980392355DDE1009DF9D4 /* Procedure */ = {
			isa = PBXGroup;
			children = (
				631239562387D3C50012FFC7 /* Search */,
				6312394F2387D3720012FFC7 /* Mine */,
				6312393D2387D2650012FFC7 /* Comic */,
				631239382387D2140012FFC7 /* Cate */,
				6312392E2387D16E0012FFC7 /* Book */,
				631238F12387CD570012FFC7 /* Home */,
				631238EC2387CC440012FFC7 /* Base */,
				6369803A2355DE0D009DF9D4 /* Global.swift */,
				632FBC152351B8B300932B52 /* AppDelegate.swift */,
			);
			path = Procedure;
			sourceTree = "<group>";
		};
		756EC9982EDF39F391DFE371 /* Frameworks */ = {
			isa = PBXGroup;
			children = (
				A854647273DA54D42E132776 /* Pods_U17Comic.framework */,
			);
			name = Frameworks;
			sourceTree = "<group>";
		};
		C71CC532671F48ABAA6BA89D /* Pods */ = {
			isa = PBXGroup;
			children = (
				7CB73615CDAEE23900E15FDD /* Pods-U17Comic.debug.xcconfig */,
				B620C3141DE10C0415216446 /* Pods-U17Comic.release.xcconfig */,
			);
			name = Pods;
			sourceTree = "<group>";
		};
/* End PBXGroup section */

/* Begin PBXNativeTarget section */
		632FBC112351B8B300932B52 /* U17Comic */ = {
			isa = PBXNativeTarget;
			buildConfigurationList = 632FBC3C2351B8B500932B52 /* Build configuration list for PBXNativeTarget "U17Comic" */;
			buildPhases = (
				7CB881B557151100EC2A06AE /* [CP] Check Pods Manifest.lock */,
				632FBC0E2351B8B300932B52 /* Sources */,
				632FBC0F2351B8B300932B52 /* Frameworks */,
				632FBC102351B8B300932B52 /* Resources */,
				C41D98D4F6F8C2ED0955AAB5 /* [CP] Embed Pods Frameworks */,
			);
			buildRules = (
			);
			dependencies = (
			);
			name = U17Comic;
			productName = U17Comic;
			productReference = 632FBC122351B8B300932B52 /* U17Comic.app */;
			productType = "com.apple.product-type.application";
		};
		632FBC272351B8B500932B52 /* U17ComicTests */ = {
			isa = PBXNativeTarget;
			buildConfigurationList = 632FBC3F2351B8B500932B52 /* Build configuration list for PBXNativeTarget "U17ComicTests" */;
			buildPhases = (
				632FBC242351B8B500932B52 /* Sources */,
				632FBC252351B8B500932B52 /* Frameworks */,
				632FBC262351B8B500932B52 /* Resources */,
			);
			buildRules = (
			);
			dependencies = (
				632FBC2A2351B8B500932B52 /* PBXTargetDependency */,
			);
			name = U17ComicTests;
			productName = U17ComicTests;
			productReference = 632FBC282351B8B500932B52 /* U17ComicTests.xctest */;
			productType = "com.apple.product-type.bundle.unit-test";
		};
		632FBC322351B8B500932B52 /* U17ComicUITests */ = {
			isa = PBXNativeTarget;
			buildConfigurationList = 632FBC422351B8B500932B52 /* Build configuration list for PBXNativeTarget "U17ComicUITests" */;
			buildPhases = (
				632FBC2F2351B8B500932B52 /* Sources */,
				632FBC302351B8B500932B52 /* Frameworks */,
				632FBC312351B8B500932B52 /* Resources */,
			);
			buildRules = (
			);
			dependencies = (
				632FBC352351B8B500932B52 /* PBXTargetDependency */,
			);
			name = U17ComicUITests;
			productName = U17ComicUITests;
			productReference = 632FBC332351B8B500932B52 /* U17ComicUITests.xctest */;
			productType = "com.apple.product-type.bundle.ui-testing";
		};
/* End PBXNativeTarget section */

/* Begin PBXProject section */
		632FBC0A2351B8B300932B52 /* Project object */ = {
			isa = PBXProject;
			attributes = {
				LastSwiftUpdateCheck = 1100;
				LastUpgradeCheck = 1100;
				ORGANIZATIONNAME = lizubing;
				TargetAttributes = {
					632FBC112351B8B300932B52 = {
						CreatedOnToolsVersion = 11.0;
					};
					632FBC272351B8B500932B52 = {
						CreatedOnToolsVersion = 11.0;
						TestTargetID = 632FBC112351B8B300932B52;
					};
					632FBC322351B8B500932B52 = {
						CreatedOnToolsVersion = 11.0;
						TestTargetID = 632FBC112351B8B300932B52;
					};
				};
			};
			buildConfigurationList = 632FBC0D2351B8B300932B52 /* Build configuration list for PBXProject "U17Comic" */;
			compatibilityVersion = "Xcode 9.3";
			developmentRegion = en;
			hasScannedForEncodings = 0;
			knownRegions = (
				en,
				Base,
			);
			mainGroup = 632FBC092351B8B300932B52;
			productRefGroup = 632FBC132351B8B300932B52 /* Products */;
			projectDirPath = "";
			projectRoot = "";
			targets = (
				632FBC112351B8B300932B52 /* U17Comic */,
				632FBC272351B8B500932B52 /* U17ComicTests */,
				632FBC322351B8B500932B52 /* U17ComicUITests */,
			);
		};
/* End PBXProject section */

/* Begin PBXResourcesBuildPhase section */
		632FBC102351B8B300932B52 /* Resources */ = {
			isa = PBXResourcesBuildPhase;
			buildActionMask = 2147483647;
			files = (
				632FBC222351B8B500932B52 /* LaunchScreen.storyboard in Resources */,
				632FBC1F2351B8B500932B52 /* Assets.xcassets in Resources */,
			);
			runOnlyForDeploymentPostprocessing = 0;
		};
		632FBC262351B8B500932B52 /* Resources */ = {
			isa = PBXResourcesBuildPhase;
			buildActionMask = 2147483647;
			files = (
			);
			runOnlyForDeploymentPostprocessing = 0;
		};
		632FBC312351B8B500932B52 /* Resources */ = {
			isa = PBXResourcesBuildPhase;
			buildActionMask = 2147483647;
			files = (
			);
			runOnlyForDeploymentPostprocessing = 0;
		};
/* End PBXResourcesBuildPhase section */

/* Begin PBXShellScriptBuildPhase section */
		7CB881B557151100EC2A06AE /* [CP] Check Pods Manifest.lock */ = {
			isa = PBXShellScriptBuildPhase;
			buildActionMask = 2147483647;
			files = (
			);
			inputPaths = (
				"${PODS_PODFILE_DIR_PATH}/Podfile.lock",
				"${PODS_ROOT}/Manifest.lock",
			);
			name = "[CP] Check Pods Manifest.lock";
			outputPaths = (
				"$(DERIVED_FILE_DIR)/Pods-U17Comic-checkManifestLockResult.txt",
			);
			runOnlyForDeploymentPostprocessing = 0;
			shellPath = /bin/sh;
			shellScript = "diff \"${PODS_PODFILE_DIR_PATH}/Podfile.lock\" \"${PODS_ROOT}/Manifest.lock\" > /dev/null\nif [ $? != 0 ] ; then\n    # print error to STDERR\n    echo \"error: The sandbox is not in sync with the Podfile.lock. Run 'pod install' or update your CocoaPods installation.\" >&2\n    exit 1\nfi\n# This output is used by Xcode 'outputs' to avoid re-running this script phase.\necho \"SUCCESS\" > \"${SCRIPT_OUTPUT_FILE_0}\"\n";
			showEnvVarsInLog = 0;
		};
		C41D98D4F6F8C2ED0955AAB5 /* [CP] Embed Pods Frameworks */ = {
			isa = PBXShellScriptBuildPhase;
			buildActionMask = 2147483647;
			files = (
			);
			inputPaths = (
				"${SRCROOT}/Pods/Target Support Files/Pods-U17Comic/Pods-U17Comic-frameworks.sh",
				"${BUILT_PRODUCTS_DIR}/Alamofire/Alamofire.framework",
				"${BUILT_PRODUCTS_DIR}/EmptyDataSet-Swift/EmptyDataSet_Swift.framework",
				"${BUILT_PRODUCTS_DIR}/HMSegmentedControl/HMSegmentedControl.framework",
				"${BUILT_PRODUCTS_DIR}/HandyJSON/HandyJSON.framework",
				"${BUILT_PRODUCTS_DIR}/IQKeyboardManagerSwift/IQKeyboardManagerSwift.framework",
				"${BUILT_PRODUCTS_DIR}/Kingfisher/Kingfisher.framework",
				"${BUILT_PRODUCTS_DIR}/LLCycleScrollView/LLCycleScrollView.framework",
				"${BUILT_PRODUCTS_DIR}/MBProgressHUD/MBProgressHUD.framework",
				"${BUILT_PRODUCTS_DIR}/MJRefresh/MJRefresh.framework",
				"${BUILT_PRODUCTS_DIR}/Moya/Moya.framework",
				"${BUILT_PRODUCTS_DIR}/Result/Result.framework",
				"${BUILT_PRODUCTS_DIR}/Reusable/Reusable.framework",
				"${BUILT_PRODUCTS_DIR}/SnapKit/SnapKit.framework",
				"${BUILT_PRODUCTS_DIR}/SnapKitExtend/SnapKitExtend.framework",
				"${BUILT_PRODUCTS_DIR}/Then/Then.framework",
				"${BUILT_PRODUCTS_DIR}/UINavigation-SXFixSpace/UINavigation_SXFixSpace.framework",
			);
			name = "[CP] Embed Pods Frameworks";
			outputPaths = (
				"${TARGET_BUILD_DIR}/${FRAMEWORKS_FOLDER_PATH}/Alamofire.framework",
				"${TARGET_BUILD_DIR}/${FRAMEWORKS_FOLDER_PATH}/EmptyDataSet_Swift.framework",
				"${TARGET_BUILD_DIR}/${FRAMEWORKS_FOLDER_PATH}/HMSegmentedControl.framework",
				"${TARGET_BUILD_DIR}/${FRAMEWORKS_FOLDER_PATH}/HandyJSON.framework",
				"${TARGET_BUILD_DIR}/${FRAMEWORKS_FOLDER_PATH}/IQKeyboardManagerSwift.framework",
				"${TARGET_BUILD_DIR}/${FRAMEWORKS_FOLDER_PATH}/Kingfisher.framework",
				"${TARGET_BUILD_DIR}/${FRAMEWORKS_FOLDER_PATH}/LLCycleScrollView.framework",
				"${TARGET_BUILD_DIR}/${FRAMEWORKS_FOLDER_PATH}/MBProgressHUD.framework",
				"${TARGET_BUILD_DIR}/${FRAMEWORKS_FOLDER_PATH}/MJRefresh.framework",
				"${TARGET_BUILD_DIR}/${FRAMEWORKS_FOLDER_PATH}/Moya.framework",
				"${TARGET_BUILD_DIR}/${FRAMEWORKS_FOLDER_PATH}/Result.framework",
				"${TARGET_BUILD_DIR}/${FRAMEWORKS_FOLDER_PATH}/Reusable.framework",
				"${TARGET_BUILD_DIR}/${FRAMEWORKS_FOLDER_PATH}/SnapKit.framework",
				"${TARGET_BUILD_DIR}/${FRAMEWORKS_FOLDER_PATH}/SnapKitExtend.framework",
				"${TARGET_BUILD_DIR}/${FRAMEWORKS_FOLDER_PATH}/Then.framework",
				"${TARGET_BUILD_DIR}/${FRAMEWORKS_FOLDER_PATH}/UINavigation_SXFixSpace.framework",
			);
			runOnlyForDeploymentPostprocessing = 0;
			shellPath = /bin/sh;
			shellScript = "\"${SRCROOT}/Pods/Target Support Files/Pods-U17Comic/Pods-U17Comic-frameworks.sh\"\n";
			showEnvVarsInLog = 0;
		};
/* End PBXShellScriptBuildPhase section */

/* Begin PBXSourcesBuildPhase section */
		632FBC0E2351B8B300932B52 /* Sources */ = {
			isa = PBXSourcesBuildPhase;
			buildActionMask = 2147483647;
			files = (
				631239142387CEE10012FFC7 /* UEmptyDataSet.swift in Sources */,
				631238D42387C9570012FFC7 /* DictionaryExtension.swift in Sources */,
				631238F52387CD990012FFC7 /* UHomeViewController.swift in Sources */,
				631238D12387C9570012FFC7 /* UIViewExtension.swift in Sources */,
				631239172387CEF80012FFC7 /* UHairPowder.swift in Sources */,
				631238FE2387CE480012FFC7 /* UBaseCollectionViewCell.swift in Sources */,
				631239052387CE730012FFC7 /* UBaseViewController.swift in Sources */,
				631239482387D2F90012FFC7 /* UChapterViewController.swift in Sources */,
				6312391F2387CF360012FFC7 /* UIScrollView+ParallaxHeader.swift in Sources */,
				631238D52387C9570012FFC7 /* StringExtension.swift in Sources */,
				6312394C2387D3340012FFC7 /* UReadViewController.swift in Sources */,
				631238D72387C9570012FFC7 /* UIImageExtensions.swift in Sources */,
				631239232387D03A0012FFC7 /* USubscibeListViewController.swift in Sources */,
				631239212387CF360012FFC7 /* ParallaxHeaderMode.swift in Sources */,
				6369803B2355DE0D009DF9D4 /* Global.swift in Sources */,
				631238C82387B8510012FFC7 /* ArrayExtensions.swift in Sources */,
				631239202387CF360012FFC7 /* ParallaxHeader.swift in Sources */,
				6312395A2387D3EA0012FFC7 /* USearchViewController.swift in Sources */,
				631239092387CE730012FFC7 /* UWebViewController.swift in Sources */,
				631239272387D09C0012FFC7 /* UUpdateListViewController.swift in Sources */,
				631238D82387C9570012FFC7 /* UIBarButtonItemExtension.swift in Sources */,
				631239412387D28D0012FFC7 /* UComicViewController.swift in Sources */,
				631239442387D2B60012FFC7 /* UDetailViewController.swift in Sources */,
				631238EB2387CA290012FFC7 /* UModel.swift in Sources */,
				631239462387D2DE0012FFC7 /* UOtherWorksViewController.swift in Sources */,
				631239312387D1960012FFC7 /* UCollectListViewController.swift in Sources */,
				6312393C2387D24A0012FFC7 /* UCateListViewController.swift in Sources */,
				632FBC162351B8B300932B52 /* AppDelegate.swift in Sources */,
				631238D32387C9570012FFC7 /* UIDeviceExtension.swift in Sources */,
				631238FB2387CE480012FFC7 /* UBaseCollectionReusableView.swift in Sources */,
				6312394E2387D3510012FFC7 /* UCommentViewController.swift in Sources */,
				631238FC2387CE480012FFC7 /* UBaseTableViewHeaderFooterView.swift in Sources */,
				631238DC2387C9C30012FFC7 /* UAPI.swift in Sources */,
				631239352387D1DC0012FFC7 /* UDocumentListViewController.swift in Sources */,
				631239112387CECB0012FFC7 /* UCollectionViewSectionBackgroundLayout.swift in Sources */,
				631239552387D3AE0012FFC7 /* UMineViewController.swift in Sources */,
				631238FD2387CE480012FFC7 /* UBaseTableViewCell.swift in Sources */,
				631239252387D0750012FFC7 /* UVIPListViewController.swift in Sources */,
				6312392D2387D10B0012FFC7 /* URankListViewController.swift in Sources */,
				6312390C2387CEAF0012FFC7 /* URefresh.swift in Sources */,
				631238D62387C9570012FFC7 /* UIColorExtension.swift in Sources */,
				6312394A2387D3130012FFC7 /* UComicListViewController.swift in Sources */,
				631239102387CECB0012FFC7 /* UCollectionViewAlignedLayout.swift in Sources */,
				6312392B2387D0E90012FFC7 /* UBoutiqueListViewController.swift in Sources */,
				631238D22387C9570012FFC7 /* DispatchQueueExtension.swift in Sources */,
				631239372387D1FA0012FFC7 /* UDownloadListViewController.swift in Sources */,
				632FBC182351B8B300932B52 /* SceneDelegate.swift in Sources */,
				631239072387CE730012FFC7 /* UPageViewController.swift in Sources */,
				631239332387D1B60012FFC7 /* UBookViewController.swift in Sources */,
				631239062387CE730012FFC7 /* UTabBarController.swift in Sources */,
				631239532387D3970012FFC7 /* USettingViewController.swift in Sources */,
				6312391A2387CF100012FFC7 /* UNoticeBar.swift in Sources */,
				631239292387D0C20012FFC7 /* USpecialViewController.swift in Sources */,
				631239082387CE730012FFC7 /* UNavigationController.swift in Sources */,
			);
			runOnlyForDeploymentPostprocessing = 0;
		};
		632FBC242351B8B500932B52 /* Sources */ = {
			isa = PBXSourcesBuildPhase;
			buildActionMask = 2147483647;
			files = (
				632FBC2D2351B8B500932B52 /* U17ComicTests.swift in Sources */,
			);
			runOnlyForDeploymentPostprocessing = 0;
		};
		632FBC2F2351B8B500932B52 /* Sources */ = {
			isa = PBXSourcesBuildPhase;
			buildActionMask = 2147483647;
			files = (
				632FBC382351B8B500932B52 /* U17ComicUITests.swift in Sources */,
			);
			runOnlyForDeploymentPostprocessing = 0;
		};
/* End PBXSourcesBuildPhase section */

/* Begin PBXTargetDependency section */
		632FBC2A2351B8B500932B52 /* PBXTargetDependency */ = {
			isa = PBXTargetDependency;
			target = 632FBC112351B8B300932B52 /* U17Comic */;
			targetProxy = 632FBC292351B8B500932B52 /* PBXContainerItemProxy */;
		};
		632FBC352351B8B500932B52 /* PBXTargetDependency */ = {
			isa = PBXTargetDependency;
			target = 632FBC112351B8B300932B52 /* U17Comic */;
			targetProxy = 632FBC342351B8B500932B52 /* PBXContainerItemProxy */;
		};
/* End PBXTargetDependency section */

/* Begin PBXVariantGroup section */
		632FBC202351B8B500932B52 /* LaunchScreen.storyboard */ = {
			isa = PBXVariantGroup;
			children = (
				632FBC212351B8B500932B52 /* Base */,
			);
			name = LaunchScreen.storyboard;
			sourceTree = "<group>";
		};
/* End PBXVariantGroup section */

/* Begin XCBuildConfiguration section */
		632FBC3A2351B8B500932B52 /* Debug */ = {
			isa = XCBuildConfiguration;
			buildSettings = {
				ALWAYS_SEARCH_USER_PATHS = NO;
				CLANG_ANALYZER_NONNULL = YES;
				CLANG_ANALYZER_NUMBER_OBJECT_CONVERSION = YES_AGGRESSIVE;
				CLANG_CXX_LANGUAGE_STANDARD = "gnu++14";
				CLANG_CXX_LIBRARY = "libc++";
				CLANG_ENABLE_MODULES = YES;
				CLANG_ENABLE_OBJC_ARC = YES;
				CLANG_ENABLE_OBJC_WEAK = YES;
				CLANG_WARN_BLOCK_CAPTURE_AUTORELEASING = YES;
				CLANG_WARN_BOOL_CONVERSION = YES;
				CLANG_WARN_COMMA = YES;
				CLANG_WARN_CONSTANT_CONVERSION = YES;
				CLANG_WARN_DEPRECATED_OBJC_IMPLEMENTATIONS = YES;
				CLANG_WARN_DIRECT_OBJC_ISA_USAGE = YES_ERROR;
				CLANG_WARN_DOCUMENTATION_COMMENTS = YES;
				CLANG_WARN_EMPTY_BODY = YES;
				CLANG_WARN_ENUM_CONVERSION = YES;
				CLANG_WARN_INFINITE_RECURSION = YES;
				CLANG_WARN_INT_CONVERSION = YES;
				CLANG_WARN_NON_LITERAL_NULL_CONVERSION = YES;
				CLANG_WARN_OBJC_IMPLICIT_RETAIN_SELF = YES;
				CLANG_WARN_OBJC_LITERAL_CONVERSION = YES;
				CLANG_WARN_OBJC_ROOT_CLASS = YES_ERROR;
				CLANG_WARN_RANGE_LOOP_ANALYSIS = YES;
				CLANG_WARN_STRICT_PROTOTYPES = YES;
				CLANG_WARN_SUSPICIOUS_MOVE = YES;
				CLANG_WARN_UNGUARDED_AVAILABILITY = YES_AGGRESSIVE;
				CLANG_WARN_UNREACHABLE_CODE = YES;
				CLANG_WARN__DUPLICATE_METHOD_MATCH = YES;
				COPY_PHASE_STRIP = NO;
				DEBUG_INFORMATION_FORMAT = dwarf;
				ENABLE_STRICT_OBJC_MSGSEND = YES;
				ENABLE_TESTABILITY = YES;
				GCC_C_LANGUAGE_STANDARD = gnu11;
				GCC_DYNAMIC_NO_PIC = NO;
				GCC_NO_COMMON_BLOCKS = YES;
				GCC_OPTIMIZATION_LEVEL = 0;
				GCC_PREPROCESSOR_DEFINITIONS = (
					"DEBUG=1",
					"$(inherited)",
				);
				GCC_WARN_64_TO_32_BIT_CONVERSION = YES;
				GCC_WARN_ABOUT_RETURN_TYPE = YES_ERROR;
				GCC_WARN_UNDECLARED_SELECTOR = YES;
				GCC_WARN_UNINITIALIZED_AUTOS = YES_AGGRESSIVE;
				GCC_WARN_UNUSED_FUNCTION = YES;
				GCC_WARN_UNUSED_VARIABLE = YES;
				IPHONEOS_DEPLOYMENT_TARGET = 13.0;
				MTL_ENABLE_DEBUG_INFO = INCLUDE_SOURCE;
				MTL_FAST_MATH = YES;
				ONLY_ACTIVE_ARCH = YES;
				SDKROOT = iphoneos;
				SWIFT_ACTIVE_COMPILATION_CONDITIONS = DEBUG;
				SWIFT_OPTIMIZATION_LEVEL = "-Onone";
			};
			name = Debug;
		};
		632FBC3B2351B8B500932B52 /* Release */ = {
			isa = XCBuildConfiguration;
			buildSettings = {
				ALWAYS_SEARCH_USER_PATHS = NO;
				CLANG_ANALYZER_NONNULL = YES;
				CLANG_ANALYZER_NUMBER_OBJECT_CONVERSION = YES_AGGRESSIVE;
				CLANG_CXX_LANGUAGE_STANDARD = "gnu++14";
				CLANG_CXX_LIBRARY = "libc++";
				CLANG_ENABLE_MODULES = YES;
				CLANG_ENABLE_OBJC_ARC = YES;
				CLANG_ENABLE_OBJC_WEAK = YES;
				CLANG_WARN_BLOCK_CAPTURE_AUTORELEASING = YES;
				CLANG_WARN_BOOL_CONVERSION = YES;
				CLANG_WARN_COMMA = YES;
				CLANG_WARN_CONSTANT_CONVERSION = YES;
				CLANG_WARN_DEPRECATED_OBJC_IMPLEMENTATIONS = YES;
				CLANG_WARN_DIRECT_OBJC_ISA_USAGE = YES_ERROR;
				CLANG_WARN_DOCUMENTATION_COMMENTS = YES;
				CLANG_WARN_EMPTY_BODY = YES;
				CLANG_WARN_ENUM_CONVERSION = YES;
				CLANG_WARN_INFINITE_RECURSION = YES;
				CLANG_WARN_INT_CONVERSION = YES;
				CLANG_WARN_NON_LITERAL_NULL_CONVERSION = YES;
				CLANG_WARN_OBJC_IMPLICIT_RETAIN_SELF = YES;
				CLANG_WARN_OBJC_LITERAL_CONVERSION = YES;
				CLANG_WARN_OBJC_ROOT_CLASS = YES_ERROR;
				CLANG_WARN_RANGE_LOOP_ANALYSIS = YES;
				CLANG_WARN_STRICT_PROTOTYPES = YES;
				CLANG_WARN_SUSPICIOUS_MOVE = YES;
				CLANG_WARN_UNGUARDED_AVAILABILITY = YES_AGGRESSIVE;
				CLANG_WARN_UNREACHABLE_CODE = YES;
				CLANG_WARN__DUPLICATE_METHOD_MATCH = YES;
				COPY_PHASE_STRIP = NO;
				DEBUG_INFORMATION_FORMAT = "dwarf-with-dsym";
				ENABLE_NS_ASSERTIONS = NO;
				ENABLE_STRICT_OBJC_MSGSEND = YES;
				GCC_C_LANGUAGE_STANDARD = gnu11;
				GCC_NO_COMMON_BLOCKS = YES;
				GCC_WARN_64_TO_32_BIT_CONVERSION = YES;
				GCC_WARN_ABOUT_RETURN_TYPE = YES_ERROR;
				GCC_WARN_UNDECLARED_SELECTOR = YES;
				GCC_WARN_UNINITIALIZED_AUTOS = YES_AGGRESSIVE;
				GCC_WARN_UNUSED_FUNCTION = YES;
				GCC_WARN_UNUSED_VARIABLE = YES;
				IPHONEOS_DEPLOYMENT_TARGET = 13.0;
				MTL_ENABLE_DEBUG_INFO = NO;
				MTL_FAST_MATH = YES;
				SDKROOT = iphoneos;
				SWIFT_COMPILATION_MODE = wholemodule;
				SWIFT_OPTIMIZATION_LEVEL = "-O";
				VALIDATE_PRODUCT = YES;
			};
			name = Release;
		};
		632FBC3D2351B8B500932B52 /* Debug */ = {
			isa = XCBuildConfiguration;
			baseConfigurationReference = 7CB73615CDAEE23900E15FDD /* Pods-U17Comic.debug.xcconfig */;
			buildSettings = {
				ASSETCATALOG_COMPILER_APPICON_NAME = AppIcon;
				CODE_SIGN_STYLE = Automatic;
				DEVELOPMENT_TEAM = 2U34832F9B;
				INFOPLIST_FILE = U17Comic/Info.plist;
				LD_RUNPATH_SEARCH_PATHS = (
					"$(inherited)",
					"@executable_path/Frameworks",
				);
				PRODUCT_BUNDLE_IDENTIFIER = com.lizubing.learn.U17Comic;
				PRODUCT_NAME = "$(TARGET_NAME)";
				SWIFT_VERSION = 5.0;
				TARGETED_DEVICE_FAMILY = "1,2";
			};
			name = Debug;
		};
		632FBC3E2351B8B500932B52 /* Release */ = {
			isa = XCBuildConfiguration;
			baseConfigurationReference = B620C3141DE10C0415216446 /* Pods-U17Comic.release.xcconfig */;
			buildSettings = {
				ASSETCATALOG_COMPILER_APPICON_NAME = AppIcon;
				CODE_SIGN_STYLE = Automatic;
				DEVELOPMENT_TEAM = 2U34832F9B;
				INFOPLIST_FILE = U17Comic/Info.plist;
				LD_RUNPATH_SEARCH_PATHS = (
					"$(inherited)",
					"@executable_path/Frameworks",
				);
				PRODUCT_BUNDLE_IDENTIFIER = com.lizubing.learn.U17Comic;
				PRODUCT_NAME = "$(TARGET_NAME)";
				SWIFT_VERSION = 5.0;
				TARGETED_DEVICE_FAMILY = "1,2";
			};
			name = Release;
		};
		632FBC402351B8B500932B52 /* Debug */ = {
			isa = XCBuildConfiguration;
			buildSettings = {
				ALWAYS_EMBED_SWIFT_STANDARD_LIBRARIES = YES;
				BUNDLE_LOADER = "$(TEST_HOST)";
				CODE_SIGN_STYLE = Automatic;
				DEVELOPMENT_TEAM = 2U34832F9B;
				INFOPLIST_FILE = U17ComicTests/Info.plist;
				IPHONEOS_DEPLOYMENT_TARGET = 13.0;
				LD_RUNPATH_SEARCH_PATHS = (
					"$(inherited)",
					"@executable_path/Frameworks",
					"@loader_path/Frameworks",
				);
				PRODUCT_BUNDLE_IDENTIFIER = com.lizubing.learn.U17ComicTests;
				PRODUCT_NAME = "$(TARGET_NAME)";
				SWIFT_VERSION = 5.0;
				TARGETED_DEVICE_FAMILY = "1,2";
				TEST_HOST = "$(BUILT_PRODUCTS_DIR)/U17Comic.app/U17Comic";
			};
			name = Debug;
		};
		632FBC412351B8B500932B52 /* Release */ = {
			isa = XCBuildConfiguration;
			buildSettings = {
				ALWAYS_EMBED_SWIFT_STANDARD_LIBRARIES = YES;
				BUNDLE_LOADER = "$(TEST_HOST)";
				CODE_SIGN_STYLE = Automatic;
				DEVELOPMENT_TEAM = 2U34832F9B;
				INFOPLIST_FILE = U17ComicTests/Info.plist;
				IPHONEOS_DEPLOYMENT_TARGET = 13.0;
				LD_RUNPATH_SEARCH_PATHS = (
					"$(inherited)",
					"@executable_path/Frameworks",
					"@loader_path/Frameworks",
				);
				PRODUCT_BUNDLE_IDENTIFIER = com.lizubing.learn.U17ComicTests;
				PRODUCT_NAME = "$(TARGET_NAME)";
				SWIFT_VERSION = 5.0;
				TARGETED_DEVICE_FAMILY = "1,2";
				TEST_HOST = "$(BUILT_PRODUCTS_DIR)/U17Comic.app/U17Comic";
			};
			name = Release;
		};
		632FBC432351B8B500932B52 /* Debug */ = {
			isa = XCBuildConfiguration;
			buildSettings = {
				ALWAYS_EMBED_SWIFT_STANDARD_LIBRARIES = YES;
				CODE_SIGN_STYLE = Automatic;
				DEVELOPMENT_TEAM = 2U34832F9B;
				INFOPLIST_FILE = U17ComicUITests/Info.plist;
				LD_RUNPATH_SEARCH_PATHS = (
					"$(inherited)",
					"@executable_path/Frameworks",
					"@loader_path/Frameworks",
				);
				PRODUCT_BUNDLE_IDENTIFIER = com.lizubing.learn.U17ComicUITests;
				PRODUCT_NAME = "$(TARGET_NAME)";
				SWIFT_VERSION = 5.0;
				TARGETED_DEVICE_FAMILY = "1,2";
				TEST_TARGET_NAME = U17Comic;
			};
			name = Debug;
		};
		632FBC442351B8B500932B52 /* Release */ = {
			isa = XCBuildConfiguration;
			buildSettings = {
				ALWAYS_EMBED_SWIFT_STANDARD_LIBRARIES = YES;
				CODE_SIGN_STYLE = Automatic;
				DEVELOPMENT_TEAM = 2U34832F9B;
				INFOPLIST_FILE = U17ComicUITests/Info.plist;
				LD_RUNPATH_SEARCH_PATHS = (
					"$(inherited)",
					"@executable_path/Frameworks",
					"@loader_path/Frameworks",
				);
				PRODUCT_BUNDLE_IDENTIFIER = com.lizubing.learn.U17ComicUITests;
				PRODUCT_NAME = "$(TARGET_NAME)";
				SWIFT_VERSION = 5.0;
				TARGETED_DEVICE_FAMILY = "1,2";
				TEST_TARGET_NAME = U17Comic;
			};
			name = Release;
		};
/* End XCBuildConfiguration section */

/* Begin XCConfigurationList section */
		632FBC0D2351B8B300932B52 /* Build configuration list for PBXProject "U17Comic" */ = {
			isa = XCConfigurationList;
			buildConfigurations = (
				632FBC3A2351B8B500932B52 /* Debug */,
				632FBC3B2351B8B500932B52 /* Release */,
			);
			defaultConfigurationIsVisible = 0;
			defaultConfigurationName = Release;
		};
		632FBC3C2351B8B500932B52 /* Build configuration list for PBXNativeTarget "U17Comic" */ = {
			isa = XCConfigurationList;
			buildConfigurations = (
				632FBC3D2351B8B500932B52 /* Debug */,
				632FBC3E2351B8B500932B52 /* Release */,
			);
			defaultConfigurationIsVisible = 0;
			defaultConfigurationName = Release;
		};
		632FBC3F2351B8B500932B52 /* Build configuration list for PBXNativeTarget "U17ComicTests" */ = {
			isa = XCConfigurationList;
			buildConfigurations = (
				632FBC402351B8B500932B52 /* Debug */,
				632FBC412351B8B500932B52 /* Release */,
			);
			defaultConfigurationIsVisible = 0;
			defaultConfigurationName = Release;
		};
		632FBC422351B8B500932B52 /* Build configuration list for PBXNativeTarget "U17ComicUITests" */ = {
			isa = XCConfigurationList;
			buildConfigurations = (
				632FBC432351B8B500932B52 /* Debug */,
				632FBC442351B8B500932B52 /* Release */,
			);
			defaultConfigurationIsVisible = 0;
			defaultConfigurationName = Release;
		};
/* End XCConfigurationList section */
	};
	rootObject = 632FBC0A2351B8B300932B52 /* Project object */;
}
